{
  "name": "contract",
  "lockfileVersion": 3,
  "requires": true,
  "packages": {
    "": {
      "devDependencies": {
        "erc721a": "^4.2.3",
        "erc721a-upgradeable": "^4.2.3"
      }
    },
    "node_modules/erc721a": {
      "version": "4.2.3",
      "resolved": "https://registry.npmjs.org/erc721a/-/erc721a-4.2.3.tgz",
      "integrity": "sha512-0deF0hOOK1XI1Vxv3NKDh2E9sgzRlENuOoexjXRJIRfYCsLlqi9ejl2RF6Wcd9HfH0ldqC03wleQ2WDjxoOUvA==",
      "dev": true
    },
    "node_modules/erc721a-upgradeable": {
      "version": "4.2.3",
      "resolved": "https://registry.npmjs.org/erc721a-upgradeable/-/erc721a-upgradeable-4.2.3.tgz",
      "integrity": "sha512-EaHbOVDau9drDNpi/gWUHHaopCh35NMATa+3+9ZmdHokw9kfPiDD5RhGRlXA1aZA0ZfYvqPEbaKuSH3PaCY2Ug==",
      "dev": true
    }
  }
}
